Microsoft Visual Studio Solution File, Format Version 12.00
# Visual Studio Version 17
VisualStudioVersion = 17.5.2.0
MinimumVisualStudioVersion = 10.0.40219.1
Project("{FAE04EC0-301F-11D3-BF4B-00C04F79EFBC}") = "personality-quiz", "personality-quiz\personality-quiz.csproj", "{7ADAF6FC-27F6-3043-6C4E-7CF9D57F0DBF}"
EndProject
Global
	GlobalSection(SolutionConfigurationPlatforms) = preSolution
		Debug|Any CPU = Debug|Any CPU
		Release|Any CPU = Release|Any CPU
	EndGlobalSection
	GlobalSection(ProjectConfigurationPlatforms) = postSolution
		{7ADAF6FC-27F6-3043-6C4E-7CF9D57F0DBF}.Debug|Any CPU.ActiveCfg = Debug|Any CPU
		{7ADAF6FC-27F6-3043-6C4E-7CF9D57F0DBF}.Debug|Any CPU.Build.0 = Debug|Any CPU
		{7ADAF6FC-27F6-3043-6C4E-7CF9D57F0DBF}.Release|Any CPU.ActiveCfg = Release|Any CPU
		{7ADAF6FC-27F6-3043-6C4E-7CF9D57F0DBF}.Release|Any CPU.Build.0 = Release|Any CPU
	EndGlobalSection
	GlobalSection(SolutionProperties) = preSolution
		HideSolutionNode = FALSE
	EndGlobalSection
	GlobalSection(ExtensibilityGlobals) = postSolution
		SolutionGuid = {4223DC5C-D936-40A2-BE99-7E110B9118EC}
	EndGlobalSection
EndGlobal
